// !$*UTF8*$!
{
	archiveVersion = 1;
	classes = {
	};
	objectVersion = 46;
	objects = {

/* Begin PBXBuildFile section */
		FFFAF2A62222B06E009E56D3 /* AppDelegate.swift in Sources */ = {isa = PBXBuildFile; fileRef = FFFAF2A52222B06E009E56D3 /* AppDelegate.swift */; };
		FFFAF2A82222B06E009E56D3 /* ViewController.swift in Sources */ = {isa = PBXBuildFile; fileRef = FFFAF2A72222B06E009E56D3 /* ViewController.swift */; };
		FFFAF2AB2222B06E009E56D3 /* Main.storyboard in Resources */ = {isa = PBXBuildFile; fileRef = FFFAF2A92222B06E009E56D3 /* Main.storyboard */; };
		FFFAF2AE2222B06E009E56D3 /* ICanSing.xcdatamodeld in Sources */ = {isa = PBXBuildFile; fileRef = FFFAF2AC2222B06E009E56D3 /* ICanSing.xcdatamodeld */; };
		FFFAF2B02222B06E009E56D3 /* Assets.xcassets in Resources */ = {isa = PBXBuildFile; fileRef = FFFAF2AF2222B06E009E56D3 /* Assets.xcassets */; };
		FFFAF2B32222B06E009E56D3 /* LaunchScreen.storyboard in Resources */ = {isa = PBXBuildFile; fileRef = FFFAF2B12222B06E009E56D3 /* LaunchScreen.storyboard */; };
		FFFAF2BC2222B91C009E56D3 /* a1.mp3 in Resources */ = {isa = PBXBuildFile; fileRef = FFFAF2BA2222B91C009E56D3 /* a1.mp3 */; };
		FFFAF2BD2222B91C009E56D3 /* a2.mp3 in Resources */ = {isa = PBXBuildFile; fileRef = FFFAF2BB2222B91C009E56D3 /* a2.mp3 */; };
/* End PBXBuildFile section */

/* Begin PBXFileReference section */
		FFFAF2A22222B06E009E56D3 /* ICanSing.app */ = {isa = PBXFileReference; explicitFileType = wrapper.application; includeInIndex = 0; path = ICanSing.app; sourceTree = BUILT_PRODUCTS_DIR; };
		FFFAF2A52222B06E009E56D3 /* AppDelegate.swift */ = {isa = PBXFileReference; lastKnownFileType = sourcecode.swift; path = AppDelegate.swift; sourceTree = "<group>"; };
		FFFAF2A72222B06E009E56D3 /* ViewController.swift */ = {isa = PBXFileReference; lastKnownFileType = sourcecode.swift; path = ViewController.swift; sourceTree = "<group>"; };
		FFFAF2AA2222B06E009E56D3 /* Base */ = {isa = PBXFileReference; lastKnownFileType = file.storyboard; name = Base; path = Base.lproj/Main.storyboard; sourceTree = "<group>"; };
		FFFAF2AD2222B06E009E56D3 /* ICanSing.xcdatamodel */ = {isa = PBXFileReference; lastKnownFileType = wrapper.xcdatamodel; path = ICanSing.xcdatamodel; sourceTree = "<group>"; };
		FFFAF2AF2222B06E009E56D3 /* Assets.xcassets */ = {isa = PBXFileReference; lastKnownFileType = folder.assetcatalog; path = Assets.xcassets; sourceTree = "<group>"; };
		FFFAF2B22222B06E009E56D3 /* Base */ = {isa = PBXFileReference; lastKnownFileType = file.storyboard; name = Base; path = Base.lproj/LaunchScreen.storyboard; sourceTree = "<group>"; };
		FFFAF2B42222B06E009E56D3 /* Info.plist */ = {isa = PBXFileReference; lastKnownFileType = text.plist.xml; path = Info.plist; sourceTree = "<group>"; };
		FFFAF2BA2222B91C009E56D3 /* a1.mp3 */ = {isa = PBXFileReference; lastKnownFileType = audio.mp3; path = a1.mp3; sourceTree = "<group>"; };
		FFFAF2BB2222B91C009E56D3 /* a2.mp3 */ = {isa = PBXFileReference; lastKnownFileType = audio.mp3; path = a2.mp3; sourceTree = "<group>"; };
/* End PBXFileReference section */

/* Begin PBXFrameworksBuildPhase section */
		FFFAF29F2222B06E009E56D3 /* Frameworks */ = {
			isa = PBXFrameworksBuildPhase;
			buildActionMask = 2147483647;
			files = (
			);
			runOnlyForDeploymentPostprocessing = 0;
		};
/* End PBXFrameworksBuildPhase section */

/* Begin PBXGroup section */
		FFFAF2992222B06E009E56D3 = {
			isa = PBXGroup;
			children = (
				FFFAF2A42222B06E009E56D3 /* ICanSing */,
				FFFAF2A32222B06E009E56D3 /* Products */,
			);
			sourceTree = "<group>";
		};
		FFFAF2A32222B06E009E56D3 /* Products */ = {
			isa = PBXGroup;
			children = (
				FFFAF2A22222B06E009E56D3 /* ICanSing.app */,
			);
			name = Products;
			sourceTree = "<group>";
		};
		FFFAF2A42222B06E009E56D3 /* ICanSing */ = {
			isa = PBXGroup;
			children = (
				FFFAF2A52222B06E009E56D3 /* AppDelegate.swift */,
				FFFAF2A72222B06E009E56D3 /* ViewController.swift */,
				FFFAF2BA2222B91C009E56D3 /* a1.mp3 */,
				FFFAF2BB2222B91C009E56D3 /* a2.mp3 */,
				FFFAF2A92222B06E009E56D3 /* Main.storyboard */,
				FFFAF2AF2222B06E009E56D3 /* Assets.xcassets */,
				FFFAF2B12222B06E009E56D3 /* LaunchScreen.storyboard */,
				FFFAF2B42222B06E009E56D3 /* Info.plist */,
				FFFAF2AC2222B06E009E56D3 /* ICanSing.xcdatamodeld */,
			);
			path = ICanSing;
			sourceTree = "<group>";
		};
/* End PBXGroup section */

/* Begin PBXNativeTarget section */
		FFFAF2A12222B06E009E56D3 /* ICanSing */ = {
			isa = PBXNativeTarget;
			buildConfigurationList = FFFAF2B72222B06E009E56D3 /* Build configuration list for PBXNativeTarget "ICanSing" */;
			buildPhases = (
				FFFAF29E2222B06E009E56D3 /* Sources */,
				FFFAF29F2222B06E009E56D3 /* Frameworks */,
				FFFAF2A02222B06E009E56D3 /* Resources */,
			);
			buildRules = (
			);
			dependencies = (
			);
			name = ICanSing;
			productName = ICanSing;
			productReference = FFFAF2A22222B06E009E56D3 /* ICanSing.app */;
			productType = "com.apple.product-type.application";
		};
/* End PBXNativeTarget section */

/* Begin PBXProject section */
		FFFAF29A2222B06E009E56D3 /* Project object */ = {
			isa = PBXProject;
			attributes = {
				LastSwiftUpdateCheck = 0830;
				LastUpgradeCheck = 0830;
				ORGANIZATIONNAME = AshuSharma;
				TargetAttributes = {
					FFFAF2A12222B06E009E56D3 = {
						CreatedOnToolsVersion = 8.3.3;
						ProvisioningStyle = Manual;
					};
				};
			};
			buildConfigurationList = FFFAF29D2222B06E009E56D3 /* Build configuration list for PBXProject "ICanSing" */;
			compatibilityVersion = "Xcode 3.2";
			developmentRegion = English;
			hasScannedForEncodings = 0;
			knownRegions = (
				en,
				Base,
			);
			mainGroup = FFFAF2992222B06E009E56D3;
			productRefGroup = FFFAF2A32222B06E009E56D3 /* Products */;
			projectDirPath = "";
			projectRoot = "";
			targets = (
				FFFAF2A12222B06E009E56D3 /* ICanSing */,
			);
		};
/* End PBXProject section */

/* Begin PBXResourcesBuildPhase section */
		FFFAF2A02222B06E009E56D3 /* Resources */ = {
			isa = PBXResourcesBuildPhase;
			buildActionMask = 2147483647;
			files = (
				FFFAF2BD2222B91C009E56D3 /* a2.mp3 in Resources */,
				FFFAF2B32222B06E009E56D3 /* LaunchScreen.storyboard in Resources */,
				FFFAF2B02222B06E009E56D3 /* Assets.xcassets in Resources */,
				FFFAF2BC2222B91C009E56D3 /* a1.mp3 in Resources */,
				FFFAF2AB2222B06E009E56D3 /* Main.storyboard in Resources */,
			);
			runOnlyForDeploymentPostprocessing = 0;
		};
/* End PBXResourcesBuildPhase section */

/* Begin PBXSourcesBuildPhase section */
		FFFAF29E2222B06E009E56D3 /* Sources */ = {
			isa = PBXSourcesBuildPhase;
			buildActionMask = 2147483647;
			files = (
				FFFAF2AE2222B06E009E56D3 /* ICanSing.xcdatamodeld in Sources */,
				FFFAF2A82222B06E009E56D3 /* ViewController.swift in Sources */,
				FFFAF2A62222B06E009E56D3 /* AppDelegate.swift in Sources */,
			);
			runOnlyForDeploymentPostprocessing = 0;
		};
/* End PBXSourcesBuildPhase section */

/* Begin PBXVariantGroup section */
		FFFAF2A92222B06E009E56D3 /* Main.storyboard */ = {
			isa = PBXVariantGroup;
			children = (
				FFFAF2AA2222B06E009E56D3 /* Base */,
			);
			name = Main.storyboard;
			sourceTree = "<group>";
		};
		FFFAF2B12222B06E009E56D3 /* LaunchScreen.storyboard */ = {
			isa = PBXVariantGroup;
			children = (
				FFFAF2B22222B06E009E56D3 /* Base */,
			);
			name = LaunchScreen.storyboard;
			sourceTree = "<group>";
		};
/* End PBXVariantGroup section */

/* Begin XCBuildConfiguration section */
		FFFAF2B52222B06E009E56D3 /* Debug */ = {
			isa = XCBuildConfiguration;
			buildSettings = {
				ALWAYS_SEARCH_USER_PATHS = NO;
				CLANG_ANALYZER_NONNULL = YES;
				CLANG_ANALYZER_NUMBER_OBJECT_CONVERSION = YES_AGGRESSIVE;
				CLANG_CXX_LANGUAGE_STANDARD = "gnu++0x";
				CLANG_CXX_LIBRARY = "libc++";
				CLANG_ENABLE_MODULES = YES;
				CLANG_ENABLE_OBJC_ARC = YES;
				CLANG_WARN_BOOL_CONVERSION = YES;
				CLANG_WARN_CONSTANT_CONVERSION = YES;
				CLANG_WARN_DIRECT_OBJC_ISA_USAGE = YES_ERROR;
				CLANG_WARN_DOCUMENTATION_COMMENTS = YES;
				CLANG_WARN_EMPTY_BODY = YES;
				CLANG_WARN_ENUM_CONVERSION = YES;
				CLANG_WARN_INFINITE_RECURSION = YES;
				CLANG_WARN_INT_CONVERSION = YES;
				CLANG_WARN_OBJC_ROOT_CLASS = YES_ERROR;
				CLANG_WARN_SUSPICIOUS_MOVE = YES;
				CLANG_WARN_UNREACHABLE_CODE = YES;
				CLANG_WARN__DUPLICATE_METHOD_MATCH = YES;
				"CODE_SIGN_IDENTITY[sdk=iphoneos*]" = "iPhone Developer";
				COPY_PHASE_STRIP = NO;
				DEBUG_INFORMATION_FORMAT = dwarf;
				ENABLE_STRICT_OBJC_MSGSEND = YES;
				ENABLE_TESTABILITY = YES;
				GCC_C_LANGUAGE_STANDARD = gnu99;
				GCC_DYNAMIC_NO_PIC = NO;
				GCC_NO_COMMON_BLOCKS = YES;
				GCC_OPTIMIZATION_LEVEL = 0;
				GCC_PREPROCESSOR_DEFINITIONS = (
					"DEBUG=1",
					"$(inherited)",
				);
				GCC_WARN_64_TO_32_BIT_CONVERSION = YES;
				GCC_WARN_ABOUT_RETURN_TYPE = YES_ERROR;
				GCC_WARN_UNDECLARED_SELECTOR = YES;
				GCC_WARN_UNINITIALIZED_AUTOS = YES_AGGRESSIVE;
				GCC_WARN_UNUSED_FUNCTION = YES;
				GCC_WARN_UNUSED_VARIABLE = YES;
				IPHONEOS_DEPLOYMENT_TARGET = 10.3;
				MTL_ENABLE_DEBUG_INFO = YES;
				ONLY_ACTIVE_ARCH = YES;
				SDKROOT = iphoneos;
				SWIFT_ACTIVE_COMPILATION_CONDITIONS = DEBUG;
				SWIFT_OPTIMIZATION_LEVEL = "-Onone";
				TARGETED_DEVICE_FAMILY = "1,2";
			};
			name = Debug;
		};
		FFFAF2B62222B06E009E56D3 /* Release */ = {
			isa = XCBuildConfiguration;
			buildSettings = {
				ALWAYS_SEARCH_USER_PATHS = NO;
				CLANG_ANALYZER_NONNULL = YES;
				CLANG_ANALYZER_NUMBER_OBJECT_CONVERSION = YES_AGGRESSIVE;
				CLANG_CXX_LANGUAGE_STANDARD = "gnu++0x";
				CLANG_CXX_LIBRARY = "libc++";
				CLANG_ENABLE_MODULES = YES;
				CLANG_ENABLE_OBJC_ARC = YES;
				CLANG_WARN_BOOL_CONVERSION = YES;
				CLANG_WARN_CONSTANT_CONVERSION = YES;
				CLANG_WARN_DIRECT_OBJC_ISA_USAGE = YES_ERROR;
				CLANG_WARN_DOCUMENTATION_COMMENTS = YES;
				CLANG_WARN_EMPTY_BODY = YES;
				CLANG_WARN_ENUM_CONVERSION = YES;
				CLANG_WARN_INFINITE_RECURSION = YES;
				CLANG_WARN_INT_CONVERSION = YES;
				CLANG_WARN_OBJC_ROOT_CLASS = YES_ERROR;
				CLANG_WARN_SUSPICIOUS_MOVE = YES;
				CLANG_WARN_UNREACHABLE_CODE = YES;
				CLANG_WARN__DUPLICATE_METHOD_MATCH = YES;
				"CODE_SIGN_IDENTITY[sdk=iphoneos*]" = "iPhone Developer";
				COPY_PHASE_STRIP = NO;
				DEBUG_INFORMATION_FORMAT = "dwarf-with-dsym";
				ENABLE_NS_ASSERTIONS = NO;
				ENABLE_STRICT_OBJC_MSGSEND = YES;
				GCC_C_LANGUAGE_STANDARD = gnu99;
				GCC_NO_COMMON_BLOCKS = YES;
				GCC_WARN_64_TO_32_BIT_CONVERSION = YES;
				GCC_WARN_ABOUT_RETURN_TYPE = YES_ERROR;
				GCC_WARN_UNDECLARED_SELECTOR = YES;
				GCC_WARN_UNINITIALIZED_AUTOS = YES_AGGRESSIVE;
				GCC_WARN_UNUSED_FUNCTION = YES;
				GCC_WARN_UNUSED_VARIABLE = YES;
				IPHONEOS_DEPLOYMENT_TARGET = 10.3;
				MTL_ENABLE_DEBUG_INFO = NO;
				SDKROOT = iphoneos;
				SWIFT_OPTIMIZATION_LEVEL = "-Owholemodule";
				TARGETED_DEVICE_FAMILY = "1,2";
				VALIDATE_PRODUCT = YES;
			};
			name = Release;
		};
		FFFAF2B82222B06E009E56D3 /* Debug */ = {
			isa = XCBuildConfiguration;
			buildSettings = {
				ASSETCATALOG_COMPILER_APPICON_NAME = AppIcon;
				CODE_SIGN_STYLE = Manual;
				DEVELOPMENT_TEAM = "";
				INFOPLIST_FILE = ICanSing/Info.plist;
				IPHONEOS_DEPLOYMENT_TARGET = 9.3;
				LD_RUNPATH_SEARCH_PATHS = "$(inherited) @executable_path/Frameworks";
				PRODUCT_BUNDLE_IDENTIFIER = com.ashu.ICanSing;
				PRODUCT_NAME = "$(TARGET_NAME)";
				PROVISIONING_PROFILE_SPECIFIER = "";
				SWIFT_VERSION = 3.0;
			};
			name = Debug;
		};
		FFFAF2B92222B06E009E56D3 /* Release */ = {
			isa = XCBuildConfiguration;
			buildSettings = {
				ASSETCATALOG_COMPILER_APPICON_NAME = AppIcon;
				CODE_SIGN_STYLE = Manual;
				DEVELOPMENT_TEAM = "";
				INFOPLIST_FILE = ICanSing/Info.plist;
				IPHONEOS_DEPLOYMENT_TARGET = 9.3;
				LD_RUNPATH_SEARCH_PATHS = "$(inherited) @executable_path/Frameworks";
				PRODUCT_BUNDLE_IDENTIFIER = com.ashu.ICanSing;
				PRODUCT_NAME = "$(TARGET_NAME)";
				PROVISIONING_PROFILE_SPECIFIER = "";
				SWIFT_VERSION = 3.0;
			};
			name = Release;
		};
/* End XCBuildConfiguration section */

/* Begin XCConfigurationList section */
		FFFAF29D2222B06E009E56D3 /* Build configuration list for PBXProject "ICanSing" */ = {
			isa = XCConfigurationList;
			buildConfigurations = (
				FFFAF2B52222B06E009E56D3 /* Debug */,
				FFFAF2B62222B06E009E56D3 /* Release */,
			);
			defaultConfigurationIsVisible = 0;
			defaultConfigurationName = Release;
		};
		FFFAF2B72222B06E009E56D3 /* Build configuration list for PBXNativeTarget "ICanSing" */ = {
			isa = XCConfigurationList;
			buildConfigurations = (
				FFFAF2B82222B06E009E56D3 /* Debug */,
				FFFAF2B92222B06E009E56D3 /* Release */,
			);
			defaultConfigurationIsVisible = 0;
			defaultConfigurationName = Release;
		};
/* End XCConfigurationList section */

/* Begin XCVersionGroup section */
		FFFAF2AC2222B06E009E56D3 /* ICanSing.xcdatamodeld */ = {
			isa = XCVersionGroup;
			children = (
				FFFAF2AD2222B06E009E56D3 /* ICanSing.xcdatamodel */,
			);
			currentVersion = FFFAF2AD2222B06E009E56D3 /* ICanSing.xcdatamodel */;
			path = ICanSing.xcdatamodeld;
			sourceTree = "<group>";
			versionGroupType = wrapper.xcdatamodel;
		};
/* End XCVersionGroup section */
	};
	rootObject = FFFAF29A2222B06E009E56D3 /* Project object */;
}
